{
  "name": "@snapie/hangouts-react",
  "version": "0.26.4",
  "lockfileVersion": 3,
  "requires": true,
  "packages": {
    "": {
      "name": "@snapie/hangouts-react",
      "version": "0.26.4",
      "license": "MIT",
      "dependencies": {
        "@snapie/hangouts-core": "^0.16.0",
        "chess.js": "^1.4.0",
        "perfect-freehand": "^1.2.3",
        "react-chessboard": "^5.10.0"
      },
      "devDependencies": {
        "@livekit/components-react": "^2.0.0",
        "@types/react": "^19.0.0",
        "@types/react-dom": "^19.2.3",
        "livekit-client": "^2.0.0",
        "react": "^19.0.0",
        "react-dom": "^19.0.0",
        "typescript": "^5.0.0"
      },
      "peerDependencies": {
        "@livekit/components-react": "^2.0.0",
        "livekit-client": "^2.0.0",
        "react": "^18.0.0 || ^19.0.0"
      }
    },
    "node_modules/@bufbuild/protobuf": {
      "version": "1.10.1",
      "resolved": "https://registry.npmjs.org/@bufbuild/protobuf/-/protobuf-1.10.1.tgz",
      "integrity": "sha512-wJ8ReQbHxsAfXhrf9ixl0aYbZorRuOWpBNzm8pL8ftmSxQx/wnJD5Eg861NwJU/czy2VXFIebCeZnZrI9rktIQ==",
      "dev": true,
      "license": "(Apache-2.0 AND BSD-3-Clause)"
    },
    "node_modules/@dnd-kit/accessibility": {
      "version": "3.1.1",
      "resolved": "https://registry.npmjs.org/@dnd-kit/accessibility/-/accessibility-3.1.1.tgz",
      "integrity": "sha512-2P+YgaXF+gRsIihwwY1gCsQSYnu9Zyj2py8kY5fFvUM1qm2WA2u639R6YNVfU4GWr+ZM5mqEsfHZZLoRONbemw==",
      "license": "MIT",
      "dependencies": {
        "tslib": "^2.0.0"
      },
      "peerDependencies": {
        "react": ">=16.8.0"
      }
    },
    "node_modules/@dnd-kit/core": {
      "version": "6.3.1",
      "resolved": "https://registry.npmjs.org/@dnd-kit/core/-/core-6.3.1.tgz",
      "integrity": "sha512-xkGBRQQab4RLwgXxoqETICr6S5JlogafbhNsidmrkVv2YRs5MLwpjoF2qpiGjQt8S9AoxtIV603s0GIUpY5eYQ==",
      "license": "MIT",
      "dependencies": {
        "@dnd-kit/accessibility": "^3.1.1",
        "@dnd-kit/utilities": "^3.2.2",
        "tslib": "^2.0.0"
      },
      "peerDependencies": {
        "react": ">=16.8.0",
        "react-dom": ">=16.8.0"
      }
    },
    "node_modules/@dnd-kit/modifiers": {
      "version": "9.0.0",
      "resolved": "https://registry.npmjs.org/@dnd-kit/modifiers/-/modifiers-9.0.0.tgz",
      "integrity": "sha512-ybiLc66qRGuZoC20wdSSG6pDXFikui/dCNGthxv4Ndy8ylErY0N3KVxY2bgo7AWwIbxDmXDg3ylAFmnrjcbVvw==",
      "license": "MIT",
      "dependencies": {
        "@dnd-kit/utilities": "^3.2.2",
        "tslib": "^2.0.0"
      },
      "peerDependencies": {
        "@dnd-kit/core": "^6.3.0",
        "react": ">=16.8.0"
      }
    },
    "node_modules/@dnd-kit/utilities": {
      "version": "3.2.2",
      "resolved": "https://registry.npmjs.org/@dnd-kit/utilities/-/utilities-3.2.2.tgz",
      "integrity": "sha512-+MKAJEOfaBe5SmV6t34p80MMKhjvUz0vRrvVJbPT0WElzaOJ/1xs+D+KDv+tD/NE5ujfrChEcshd4fLn0wpiqg==",
      "license": "MIT",
      "dependencies": {
        "tslib": "^2.0.0"
      },
      "peerDependencies": {
        "react": ">=16.8.0"
      }
    },
    "node_modules/@floating-ui/core": {
      "version": "1.7.5",
      "resolved": "https://registry.npmjs.org/@floating-ui/core/-/core-1.7.5.tgz",
      "integrity": "sha512-1Ih4WTWyw0+lKyFMcBHGbb5U5FtuHJuujoyyr5zTaWS5EYMeT6Jb2AuDeftsCsEuchO+mM2ij5+q9crhydzLhQ==",
      "dev": true,
      "license": "MIT",
      "dependencies": {
        "@floating-ui/utils": "^0.2.11"
      }
    },
    "node_modules/@floating-ui/dom": {
      "version": "1.7.4",
      "resolved": "https://registry.npmjs.org/@floating-ui/dom/-/dom-1.7.4.tgz",
      "integrity": "sha512-OOchDgh4F2CchOX94cRVqhvy7b3AFb+/rQXyswmzmGakRfkMgoWVjfnLWkRirfLEfuD4ysVW16eXzwt3jHIzKA==",
      "dev": true,
      "license": "MIT",
      "dependencies": {
        "@floating-ui/core": "^1.7.3",
        "@floating-ui/utils": "^0.2.10"
      }
    },
    "node_modules/@floating-ui/utils": {
      "version": "0.2.11",
      "resolved": "https://registry.npmjs.org/@floating-ui/utils/-/utils-0.2.11.tgz",
      "integrity": "sha512-RiB/yIh78pcIxl6lLMG0CgBXAZ2Y0eVHqMPYugu+9U0AeT6YBeiJpf7lbdJNIugFP5SIjwNRgo4DhR1Qxi26Gg==",
      "dev": true,
      "license": "MIT"
    },
    "node_modules/@livekit/components-core": {
      "version": "0.12.13",
      "resolved": "https://registry.npmjs.org/@livekit/components-core/-/components-core-0.12.13.tgz",
      "integrity": "sha512-DQmi84afHoHjZ62wm8y+XPNIDHTwFHAltjd3lmyXj8UZHOY7wcza4vFt1xnghJOD5wLRY58L1dkAgAw59MgWvw==",
      "dev": true,
      "license": "Apache-2.0",
      "dependencies": {
        "@floating-ui/dom": "1.7.4",
        "loglevel": "1.9.1",
        "rxjs": "7.8.2"
      },
      "engines": {
        "node": ">=18"
      },
      "peerDependencies": {
        "livekit-client": "^2.17.2",
        "tslib": "^2.6.2"
      }
    },
    "node_modules/@livekit/components-react": {
      "version": "2.9.20",
      "resolved": "https://registry.npmjs.org/@livekit/components-react/-/components-react-2.9.20.tgz",
      "integrity": "sha512-hjkYOsJj9Jbghb7wM5cI8HoVisKeL6Zcy1VnRWTLm0sqVbto8GJp/17T4Udx85mCPY6Jgh8I1Cv0yVzgz7CQtg==",
      "dev": true,
      "license": "Apache-2.0",
      "dependencies": {
        "@livekit/components-core": "0.12.13",
        "clsx": "2.1.1",
        "events": "^3.3.0",
        "jose": "^6.0.12",
        "usehooks-ts": "3.1.1"
      },
      "engines": {
        "node": ">=18"
      },
      "peerDependencies": {
        "@livekit/krisp-noise-filter": "^0.2.12 || ^0.3.0",
        "livekit-client": "^2.17.2",
        "react": ">=18",
        "react-dom": ">=18",
        "tslib": "^2.6.2"
      },
      "peerDependenciesMeta": {
        "@livekit/krisp-noise-filter": {
          "optional": true
        }
      }
    },
    "node_modules/@livekit/mutex": {
      "version": "1.1.1",
      "resolved": "https://registry.npmjs.org/@livekit/mutex/-/mutex-1.1.1.tgz",
      "integrity": "sha512-EsshAucklmpuUAfkABPxJNhzj9v2sG7JuzFDL4ML1oJQSV14sqrpTYnsaOudMAw9yOaW53NU3QQTlUQoRs4czw==",
      "dev": true,
      "license": "Apache-2.0"
    },
    "node_modules/@livekit/protocol": {
      "version": "1.44.0",
      "resolved": "https://registry.npmjs.org/@livekit/protocol/-/protocol-1.44.0.tgz",
      "integrity": "sha512-/vfhDUGcUKO8Q43r6i+5FrDhl5oZjm/X3U4x2Iciqvgn5C8qbj+57YPcWSJ1kyIZm5Cm6AV2nAPjMm3ETD/iyg==",
      "dev": true,
      "license": "Apache-2.0",
      "dependencies": {
        "@bufbuild/protobuf": "^1.10.0"
      }
    },
    "node_modules/@snapie/hangouts-core": {
      "version": "0.16.0",
      "resolved": "https://registry.npmjs.org/@snapie/hangouts-core/-/hangouts-core-0.16.0.tgz",
      "integrity": "sha512-n0Ob7mrA4bS+o+nFDxM2z4pMojw5rVNsXmCXIVk2AYjJhdeiytHA3DtGhZUIkk2z8eX3J96c0D6nwh6HMSF4yg==",
      "license": "MIT"
    },
    "node_modules/@types/dom-mediacapture-record": {
      "version": "1.0.22",
      "resolved": "https://registry.npmjs.org/@types/dom-mediacapture-record/-/dom-mediacapture-record-1.0.22.tgz",
      "integrity": "sha512-mUMZLK3NvwRLcAAT9qmcK+9p7tpU2FHdDsntR3YI4+GY88XrgG4XiE7u1Q2LAN2/FZOz/tdMDC3GQCR4T8nFuw==",
      "dev": true,
      "license": "MIT",
      "peer": true
    },
    "node_modules/@types/react": {
      "version": "19.2.14",
      "resolved": "https://registry.npmjs.org/@types/react/-/react-19.2.14.tgz",
      "integrity": "sha512-ilcTH/UniCkMdtexkoCN0bI7pMcJDvmQFPvuPvmEaYA/NSfFTAgdUSLAoVjaRJm7+6PvcM+q1zYOwS4wTYMF9w==",
      "dev": true,
      "license": "MIT",
      "dependencies": {
        "csstype": "^3.2.2"
      }
    },
    "node_modules/@types/react-dom": {
      "version": "19.2.3",
      "resolved": "https://registry.npmjs.org/@types/react-dom/-/react-dom-19.2.3.tgz",
      "integrity": "sha512-jp2L/eY6fn+KgVVQAOqYItbF0VY/YApe5Mz2F0aykSO8gx31bYCZyvSeYxCHKvzHG5eZjc+zyaS5BrBWya2+kQ==",
      "dev": true,
      "license": "MIT",
      "peerDependencies": {
        "@types/react": "^19.2.0"
      }
    },
    "node_modules/chess.js": {
      "version": "1.4.0",
      "resolved": "https://registry.npmjs.org/chess.js/-/chess.js-1.4.0.tgz",
      "integrity": "sha512-BBJgrrtKQOzFLonR0l+k64A98NLemPwNsCskwb+29bRwobUa4iTm51E1kwGPbWXAcfdDa18nad6vpPPKPWarqw==",
      "license": "BSD-2-Clause"
    },
    "node_modules/clsx": {
      "version": "2.1.1",
      "resolved": "https://registry.npmjs.org/clsx/-/clsx-2.1.1.tgz",
      "integrity": "sha512-eYm0QWBtUrBWZWG0d386OGAw16Z995PiOVo2B7bjWSbHedGl5e0ZWaq65kOGgUSNesEIDkB9ISbTg/JK9dhCZA==",
      "dev": true,
      "license": "MIT",
      "engines": {
        "node": ">=6"
      }
    },
    "node_modules/csstype": {
      "version": "3.2.3",
      "resolved": "https://registry.npmjs.org/csstype/-/csstype-3.2.3.tgz",
      "integrity": "sha512-z1HGKcYy2xA8AGQfwrn0PAy+PB7X/GSj3UVJW9qKyn43xWa+gl5nXmU4qqLMRzWVLFC8KusUX8T/0kCiOYpAIQ==",
      "dev": true,
      "license": "MIT"
    },
    "node_modules/events": {
      "version": "3.3.0",
      "resolved": "https://registry.npmjs.org/events/-/events-3.3.0.tgz",
      "integrity": "sha512-mQw+2fkQbALzQ7V0MY0IqdnXNOeTtP4r0lN9z7AAawCXgqea7bDii20AYrIBrFd/Hx0M2Ocz6S111CaFkUcb0Q==",
      "dev": true,
      "license": "MIT",
      "engines": {
        "node": ">=0.8.x"
      }
    },
    "node_modules/jose": {
      "version": "6.2.2",
      "resolved": "https://registry.npmjs.org/jose/-/jose-6.2.2.tgz",
      "integrity": "sha512-d7kPDd34KO/YnzaDOlikGpOurfF0ByC2sEV4cANCtdqLlTfBlw2p14O/5d/zv40gJPbIQxfES3nSx1/oYNyuZQ==",
      "dev": true,
      "license": "MIT",
      "funding": {
        "url": "https://github.com/sponsors/panva"
      }
    },
    "node_modules/livekit-client": {
      "version": "2.18.0",
      "resolved": "https://registry.npmjs.org/livekit-client/-/livekit-client-2.18.0.tgz",
      "integrity": "sha512-wjH4y0rw5fnkPmmaxutPhD4XcAq6goQszS8lw9PEpGXVwiRE6sI/ZH+mOT/s8AHJnEC3tjmfiMZ4MQt8BlaWew==",
      "dev": true,
      "license": "Apache-2.0",
      "dependencies": {
        "@livekit/mutex": "1.1.1",
        "@livekit/protocol": "1.44.0",
        "events": "^3.3.0",
        "jose": "^6.1.0",
        "loglevel": "^1.9.2",
        "sdp-transform": "^2.15.0",
        "tslib": "2.8.1",
        "typed-emitter": "^2.1.0",
        "webrtc-adapter": "^9.0.1"
      },
      "peerDependencies": {
        "@types/dom-mediacapture-record": "^1"
      }
    },
    "node_modules/livekit-client/node_modules/loglevel": {
      "version": "1.9.2",
      "resolved": "https://registry.npmjs.org/loglevel/-/loglevel-1.9.2.tgz",
      "integrity": "sha512-HgMmCqIJSAKqo68l0rS2AanEWfkxaZ5wNiEFb5ggm08lDs9Xl2KxBlX3PTcaD2chBM1gXAYf491/M2Rv8Jwayg==",
      "dev": true,
      "license": "MIT",
      "engines": {
        "node": ">= 0.6.0"
      },
      "funding": {
        "type": "tidelift",
        "url": "https://tidelift.com/funding/github/npm/loglevel"
      }
    },
    "node_modules/lodash.debounce": {
      "version": "4.0.8",
      "resolved": "https://registry.npmjs.org/lodash.debounce/-/lodash.debounce-4.0.8.tgz",
      "integrity": "sha512-FT1yDzDYEoYWhnSGnpE/4Kj1fLZkDFyqRb7fNt6FdYOSxlUWAtp42Eh6Wb0rGIv/m9Bgo7x4GhQbm5Ys4SG5ow==",
      "dev": true,
      "license": "MIT"
    },
    "node_modules/loglevel": {
      "version": "1.9.1",
      "resolved": "https://registry.npmjs.org/loglevel/-/loglevel-1.9.1.tgz",
      "integrity": "sha512-hP3I3kCrDIMuRwAwHltphhDM1r8i55H33GgqjXbrisuJhF4kRhW1dNuxsRklp4bXl8DSdLaNLuiL4A/LWRfxvg==",
      "dev": true,
      "license": "MIT",
      "engines": {
        "node": ">= 0.6.0"
      },
      "funding": {
        "type": "tidelift",
        "url": "https://tidelift.com/funding/github/npm/loglevel"
      }
    },
    "node_modules/perfect-freehand": {
      "version": "1.2.3",
      "resolved": "https://registry.npmjs.org/perfect-freehand/-/perfect-freehand-1.2.3.tgz",
      "integrity": "sha512-bHZSfqDHGNlPpgH2yxXgPHlQSPpEbo+qg7li0M78J9vNAi2yjwLeA4x79BEQhX44lEWpCLSFCeRZwpw0niiXPA==",
      "license": "MIT"
    },
    "node_modules/react": {
      "version": "19.2.4",
      "resolved": "https://registry.npmjs.org/react/-/react-19.2.4.tgz",
      "integrity": "sha512-9nfp2hYpCwOjAN+8TZFGhtWEwgvWHXqESH8qT89AT/lWklpLON22Lc8pEtnpsZz7VmawabSU0gCjnj8aC0euHQ==",
      "license": "MIT",
      "engines": {
        "node": ">=0.10.0"
      }
    },
    "node_modules/react-chessboard": {
      "version": "5.10.0",
      "resolved": "https://registry.npmjs.org/react-chessboard/-/react-chessboard-5.10.0.tgz",
      "integrity": "sha512-Y3PgaCVhnDG3IaQfu86OzTSEIEAUtuU5XwmHWnx3tcFOX7lSoAq81ZFX3MBj6y5a6FzDMTczMVmkkrV2CzTrIw==",
      "license": "MIT",
      "dependencies": {
        "@dnd-kit/core": "^6.3.1",
        "@dnd-kit/modifiers": "^9.0.0"
      },
      "engines": {
        "node": ">=20.11.0",
        "pnpm": ">=9.4.0"
      },
      "peerDependencies": {
        "react": "^19.0.0",
        "react-dom": "^19.0.0"
      }
    },
    "node_modules/react-dom": {
      "version": "19.2.4",
      "resolved": "https://registry.npmjs.org/react-dom/-/react-dom-19.2.4.tgz",
      "integrity": "sha512-AXJdLo8kgMbimY95O2aKQqsz2iWi9jMgKJhRBAxECE4IFxfcazB2LmzloIoibJI3C12IlY20+KFaLv+71bUJeQ==",
      "license": "MIT",
      "dependencies": {
        "scheduler": "^0.27.0"
      },
      "peerDependencies": {
        "react": "^19.2.4"
      }
    },
    "node_modules/rxjs": {
      "version": "7.8.2",
      "resolved": "https://registry.npmjs.org/rxjs/-/rxjs-7.8.2.tgz",
      "integrity": "sha512-dhKf903U/PQZY6boNNtAGdWbG85WAbjT/1xYoZIC7FAY0yWapOBQVsVrDl58W86//e1VpMNBtRV4MaXfdMySFA==",
      "dev": true,
      "license": "Apache-2.0",
      "dependencies": {
        "tslib": "^2.1.0"
      }
    },
    "node_modules/scheduler": {
      "version": "0.27.0",
      "resolved": "https://registry.npmjs.org/scheduler/-/scheduler-0.27.0.tgz",
      "integrity": "sha512-eNv+WrVbKu1f3vbYJT/xtiF5syA5HPIMtf9IgY/nKg0sWqzAUEvqY/xm7OcZc/qafLx/iO9FgOmeSAp4v5ti/Q==",
      "license": "MIT"
    },
    "node_modules/sdp": {
      "version": "3.2.1",
      "resolved": "https://registry.npmjs.org/sdp/-/sdp-3.2.1.tgz",
      "integrity": "sha512-lwsAIzOPlH8/7IIjjz3K0zYBk7aBVVcvjMwt3M4fLxpjMYyy7i3I97SLHebgn4YBjirkzfp3RvRDWSKsh/+WFw==",
      "dev": true,
      "license": "MIT"
    },
    "node_modules/sdp-transform": {
      "version": "2.15.0",
      "resolved": "https://registry.npmjs.org/sdp-transform/-/sdp-transform-2.15.0.tgz",
      "integrity": "sha512-KrOH82c/W+GYQ0LHqtr3caRpM3ITglq3ljGUIb8LTki7ByacJZ9z+piSGiwZDsRyhQbYBOBJgr2k6X4BZXi3Kw==",
      "dev": true,
      "license": "MIT",
      "bin": {
        "sdp-verify": "checker.js"
      }
    },
    "node_modules/tslib": {
      "version": "2.8.1",
      "resolved": "https://registry.npmjs.org/tslib/-/tslib-2.8.1.tgz",
      "integrity": "sha512-oJFu94HQb+KVduSUQL7wnpmqnfmLsOA/nAh6b6EH0wCEoK0/mPeXU6c3wKDV83MkOuHPRHtSXKKU99IBazS/2w==",
      "license": "0BSD"
    },
    "node_modules/typed-emitter": {
      "version": "2.1.0",
      "resolved": "https://registry.npmjs.org/typed-emitter/-/typed-emitter-2.1.0.tgz",
      "integrity": "sha512-g/KzbYKbH5C2vPkaXGu8DJlHrGKHLsM25Zg9WuC9pMGfuvT+X25tZQWo5fK1BjBm8+UrVE9LDCvaY0CQk+fXDA==",
      "dev": true,
      "license": "MIT",
      "optionalDependencies": {
        "rxjs": "*"
      }
    },
    "node_modules/typescript": {
      "version": "5.9.3",
      "resolved": "https://registry.npmjs.org/typescript/-/typescript-5.9.3.tgz",
      "integrity": "sha512-jl1vZzPDinLr9eUt3J/t7V6FgNEw9QjvBPdysz9KfQDD41fQrC2Y4vKQdiaUpFT4bXlb1RHhLpp8wtm6M5TgSw==",
      "dev": true,
      "license": "Apache-2.0",
      "bin": {
        "tsc": "bin/tsc",
        "tsserver": "bin/tsserver"
      },
      "engines": {
        "node": ">=14.17"
      }
    },
    "node_modules/usehooks-ts": {
      "version": "3.1.1",
      "resolved": "https://registry.npmjs.org/usehooks-ts/-/usehooks-ts-3.1.1.tgz",
      "integrity": "sha512-I4diPp9Cq6ieSUH2wu+fDAVQO43xwtulo+fKEidHUwZPnYImbtkTjzIJYcDcJqxgmX31GVqNFURodvcgHcW0pA==",
      "dev": true,
      "license": "MIT",
      "dependencies": {
        "lodash.debounce": "^4.0.8"
      },
      "engines": {
        "node": ">=16.15.0"
      },
      "peerDependencies": {
        "react": "^16.8.0  || ^17 || ^18 || ^19 || ^19.0.0-rc"
      }
    },
    "node_modules/webrtc-adapter": {
      "version": "9.0.4",
      "resolved": "https://registry.npmjs.org/webrtc-adapter/-/webrtc-adapter-9.0.4.tgz",
      "integrity": "sha512-5ZZY1+lGq8LEKuDlg9M2RPJHlH3R7OVwyHqMcUsLKCgd9Wvf+QrFTCItkXXYPmrJn8H6gRLXbSgxLLdexiqHxw==",
      "dev": true,
      "license": "BSD-3-Clause",
      "dependencies": {
        "sdp": "^3.2.0"
      },
      "engines": {
        "node": ">=6.0.0",
        "npm": ">=3.10.0"
      }
    }
  }
}
